<?xml version="1.0" encoding="utf-8"?>
<Project ToolsVersion="4.0" xmlns="http://schemas.microsoft.com/developer/msbuild/2003">
  <ItemGroup>
    <ClCompile Include="Externals\src\glad\glad.cpp">
      <Filter>Externals</Filter>
    </ClCompile>
    <ClCompile Include="Sources\main.cpp">
      <Filter>Core</Filter>
    </ClCompile>
    <ClCompile Include="Externals\src\ImGui\imgui.cpp" />
    <ClCompile Include="Externals\src\ImGui\imgui_demo.cpp" />
    <ClCompile Include="Externals\src\ImGui\imgui_draw.cpp" />
    <ClCompile Include="Externals\src\ImGui\imgui_impl_glfw.cpp" />
    <ClCompile Include="Externals\src\ImGui\imgui_impl_opengl3.cpp" />
    <ClCompile Include="Externals\src\ImGui\imgui_widgets.cpp" />
    <ClCompile Include="Sources\EditorWindow.cpp" />
  </ItemGroup>
  <ItemGroup>
    <Filter Include="Externals">
      <UniqueIdentifier>{35f6814b-849e-45be-80f0-1566be7e8579}</UniqueIdentifier>
    </Filter>
    <Filter Include="Core">
      <UniqueIdentifier>{5ac5c2d3-46a0-465c-81ef-1a82842ba44e}</UniqueIdentifier>
    </Filter>
  </ItemGroup>
  <ItemGroup>
    <ClInclude Include="Headers\EditorWindow.hpp" />
  </ItemGroup>
</Project>